// !$*UTF8*$!
{
	archiveVersion = 1;
	classes = {
	};
	objectVersion = 46;
	objects = {

/* Begin PBXBuildFile section */
		43AE5B981BADAF2600355BD9 /* OGREWebRequest.m in Sources */ = {isa = PBXBuildFile; fileRef = 43AE5B961BADAF2600355BD9 /* OGREWebRequest.m */; };
		43AE5B9C1BADAF3900355BD9 /* OGREWebResponse.m in Sources */ = {isa = PBXBuildFile; fileRef = 43AE5B9A1BADAF3900355BD9 /* OGREWebResponse.m */; };
		43AE5BA01BADAF4900355BD9 /* OGREWebServer.m in Sources */ = {isa = PBXBuildFile; fileRef = 43AE5B9E1BADAF4900355BD9 /* OGREWebServer.m */; };
		43AE5BA31BADB12400355BD9 /* libfcgi.a in Frameworks */ = {isa = PBXBuildFile; fileRef = 43AE5BA21BADB12400355BD9 /* libfcgi.a */; };
/* End PBXBuildFile section */

/* Begin PBXFileReference section */
		43AE5B871BADA5E900355BD9 /* libOGREWebServerLib.a */ = {isa = PBXFileReference; explicitFileType = archive.ar; includeInIndex = 0; path = libOGREWebServerLib.a; sourceTree = BUILT_PRODUCTS_DIR; };
		43AE5B8A1BADA5E900355BD9 /* OGREWebServerLib.h */ = {isa = PBXFileReference; lastKnownFileType = sourcecode.objj; path = OGREWebServerLib.h; sourceTree = "<group>"; };
		43AE5B941BADA70A00355BD9 /* OGRE_Web_Server_Platform.md */ = {isa = PBXFileReference; lastKnownFileType = net.daringfireball.markdown; path = OGRE_Web_Server_Platform.md; sourceTree = "<group>"; };
		43AE5B951BADAF2600355BD9 /* OGREWebRequest.h */ = {isa = PBXFileReference; fileEncoding = 4; lastKnownFileType = sourcecode.objj; path = OGREWebRequest.h; sourceTree = "<group>"; };
		43AE5B961BADAF2600355BD9 /* OGREWebRequest.m */ = {isa = PBXFileReference; fileEncoding = 4; lastKnownFileType = sourcecode.c.objc; path = OGREWebRequest.m; sourceTree = "<group>"; };
		43AE5B991BADAF3900355BD9 /* OGREWebResponse.h */ = {isa = PBXFileReference; fileEncoding = 4; lastKnownFileType = sourcecode.objj; path = OGREWebResponse.h; sourceTree = "<group>"; };
		43AE5B9A1BADAF3900355BD9 /* OGREWebResponse.m */ = {isa = PBXFileReference; fileEncoding = 4; lastKnownFileType = sourcecode.c.objc; path = OGREWebResponse.m; sourceTree = "<group>"; };
		43AE5B9D1BADAF4900355BD9 /* OGREWebServer.h */ = {isa = PBXFileReference; fileEncoding = 4; lastKnownFileType = sourcecode.objj; path = OGREWebServer.h; sourceTree = "<group>"; };
		43AE5B9E1BADAF4900355BD9 /* OGREWebServer.m */ = {isa = PBXFileReference; fileEncoding = 4; lastKnownFileType = sourcecode.c.objc; path = OGREWebServer.m; sourceTree = "<group>"; };
		43AE5BA21BADB12400355BD9 /* libfcgi.a */ = {isa = PBXFileReference; lastKnownFileType = archive.ar; name = libfcgi.a; path = ../../../../../../../usr/local/lib/libfcgi.a; sourceTree = "<group>"; };
		43AE5BEF1BADC47600355BD9 /* com.ogre.server.preferences.plist */ = {isa = PBXFileReference; lastKnownFileType = text.plist.xml; path = com.ogre.server.preferences.plist; sourceTree = "<group>"; };
/* End PBXFileReference section */

/* Begin PBXFrameworksBuildPhase section */
		43AE5B841BADA5E900355BD9 /* Frameworks */ = {
			isa = PBXFrameworksBuildPhase;
			buildActionMask = 2147483647;
			files = (
				43AE5BA31BADB12400355BD9 /* libfcgi.a in Frameworks */,
			);
			runOnlyForDeploymentPostprocessing = 0;
		};
/* End PBXFrameworksBuildPhase section */

/* Begin PBXGroup section */
		43AE5B7E1BADA5E900355BD9 = {
			isa = PBXGroup;
			children = (
				43AE5B931BADA6DB00355BD9 /* Documentation */,
				43AE5B891BADA5E900355BD9 /* OGREWebServerLib */,
				43AE5BA11BADB0A900355BD9 /* Frameworks */,
				43AE5B881BADA5E900355BD9 /* Products */,
			);
			sourceTree = "<group>";
		};
		43AE5B881BADA5E900355BD9 /* Products */ = {
			isa = PBXGroup;
			children = (
				43AE5B871BADA5E900355BD9 /* libOGREWebServerLib.a */,
			);
			name = Products;
			sourceTree = "<group>";
		};
		43AE5B891BADA5E900355BD9 /* OGREWebServerLib */ = {
			isa = PBXGroup;
			children = (
				43AE5B8A1BADA5E900355BD9 /* OGREWebServerLib.h */,
				43AE5B951BADAF2600355BD9 /* OGREWebRequest.h */,
				43AE5B961BADAF2600355BD9 /* OGREWebRequest.m */,
				43AE5B991BADAF3900355BD9 /* OGREWebResponse.h */,
				43AE5B9A1BADAF3900355BD9 /* OGREWebResponse.m */,
				43AE5B9D1BADAF4900355BD9 /* OGREWebServer.h */,
				43AE5B9E1BADAF4900355BD9 /* OGREWebServer.m */,
			);
			path = OGREWebServerLib;
			sourceTree = "<group>";
		};
		43AE5B931BADA6DB00355BD9 /* Documentation */ = {
			isa = PBXGroup;
			children = (
				43AE5BEF1BADC47600355BD9 /* com.ogre.server.preferences.plist */,
				43AE5B941BADA70A00355BD9 /* OGRE_Web_Server_Platform.md */,
			);
			name = Documentation;
			sourceTree = "<group>";
		};
		43AE5BA11BADB0A900355BD9 /* Frameworks */ = {
			isa = PBXGroup;
			children = (
				43AE5BA21BADB12400355BD9 /* libfcgi.a */,
			);
			name = Frameworks;
			sourceTree = "<group>";
		};
/* End PBXGroup section */

/* Begin PBXHeadersBuildPhase section */
		43AE5B851BADA5E900355BD9 /* Headers */ = {
			isa = PBXHeadersBuildPhase;
			buildActionMask = 2147483647;
			files = (
			);
			runOnlyForDeploymentPostprocessing = 0;
		};
/* End PBXHeadersBuildPhase section */

/* Begin PBXNativeTarget section */
		43AE5B861BADA5E900355BD9 /* OGREWebServerLib */ = {
			isa = PBXNativeTarget;
			buildConfigurationList = 43AE5B901BADA5E900355BD9 /* Build configuration list for PBXNativeTarget "OGREWebServerLib" */;
			buildPhases = (
				43AE5B831BADA5E900355BD9 /* Sources */,
				43AE5B841BADA5E900355BD9 /* Frameworks */,
				43AE5B851BADA5E900355BD9 /* Headers */,
			);
			buildRules = (
			);
			dependencies = (
			);
			name = OGREWebServerLib;
			productName = OGREWebServerLib;
			productReference = 43AE5B871BADA5E900355BD9 /* libOGREWebServerLib.a */;
			productType = "com.apple.product-type.library.static";
		};
/* End PBXNativeTarget section */

/* Begin PBXProject section */
		43AE5B7F1BADA5E900355BD9 /* Project object */ = {
			isa = PBXProject;
			attributes = {
				LastUpgradeCheck = 0700;
				ORGANIZATIONNAME = O.G.R.E.;
				TargetAttributes = {
					43AE5B861BADA5E900355BD9 = {
						CreatedOnToolsVersion = 7.0;
					};
				};
			};
			buildConfigurationList = 43AE5B821BADA5E900355BD9 /* Build configuration list for PBXProject "OGREWebServerLib" */;
			compatibilityVersion = "Xcode 3.2";
			developmentRegion = English;
			hasScannedForEncodings = 0;
			knownRegions = (
				en,
			);
			mainGroup = 43AE5B7E1BADA5E900355BD9;
			productRefGroup = 43AE5B881BADA5E900355BD9 /* Products */;
			projectDirPath = "";
			projectRoot = "";
			targets = (
				43AE5B861BADA5E900355BD9 /* OGREWebServerLib */,
			);
		};
/* End PBXProject section */

/* Begin PBXSourcesBuildPhase section */
		43AE5B831BADA5E900355BD9 /* Sources */ = {
			isa = PBXSourcesBuildPhase;
			buildActionMask = 2147483647;
			files = (
				43AE5B9C1BADAF3900355BD9 /* OGREWebResponse.m in Sources */,
				43AE5BA01BADAF4900355BD9 /* OGREWebServer.m in Sources */,
				43AE5B981BADAF2600355BD9 /* OGREWebRequest.m in Sources */,
			);
			runOnlyForDeploymentPostprocessing = 0;
		};
/* End PBXSourcesBuildPhase section */

/* Begin XCBuildConfiguration section */
		43AE5B8E1BADA5E900355BD9 /* Debug */ = {
			isa = XCBuildConfiguration;
			buildSettings = {
				ALWAYS_SEARCH_USER_PATHS = NO;
				CLANG_CXX_LANGUAGE_STANDARD = "gnu++0x";
				CLANG_CXX_LIBRARY = "libc++";
				CLANG_ENABLE_MODULES = YES;
				CLANG_ENABLE_OBJC_ARC = YES;
				CLANG_WARN_BOOL_CONVERSION = YES;
				CLANG_WARN_CONSTANT_CONVERSION = YES;
				CLANG_WARN_DIRECT_OBJC_ISA_USAGE = YES_ERROR;
				CLANG_WARN_EMPTY_BODY = YES;
				CLANG_WARN_ENUM_CONVERSION = YES;
				CLANG_WARN_INT_CONVERSION = YES;
				CLANG_WARN_OBJC_ROOT_CLASS = YES_ERROR;
				CLANG_WARN_UNREACHABLE_CODE = YES;
				CLANG_WARN__DUPLICATE_METHOD_MATCH = YES;
				COPY_PHASE_STRIP = NO;
				DEBUG_INFORMATION_FORMAT = dwarf;
				ENABLE_STRICT_OBJC_MSGSEND = YES;
				ENABLE_TESTABILITY = YES;
				GCC_C_LANGUAGE_STANDARD = gnu99;
				GCC_DYNAMIC_NO_PIC = NO;
				GCC_NO_COMMON_BLOCKS = YES;
				GCC_OPTIMIZATION_LEVEL = 0;
				GCC_PREPROCESSOR_DEFINITIONS = (
					"DEBUG=1",
					"$(inherited)",
				);
				GCC_WARN_64_TO_32_BIT_CONVERSION = YES;
				GCC_WARN_ABOUT_RETURN_TYPE = YES_ERROR;
				GCC_WARN_UNDECLARED_SELECTOR = YES;
				GCC_WARN_UNINITIALIZED_AUTOS = YES_AGGRESSIVE;
				GCC_WARN_UNUSED_FUNCTION = YES;
				GCC_WARN_UNUSED_VARIABLE = YES;
				MACOSX_DEPLOYMENT_TARGET = 10.10;
				MTL_ENABLE_DEBUG_INFO = YES;
				ONLY_ACTIVE_ARCH = YES;
				SDKROOT = macosx;
			};
			name = Debug;
		};
		43AE5B8F1BADA5E900355BD9 /* Release */ = {
			isa = XCBuildConfiguration;
			buildSettings = {
				ALWAYS_SEARCH_USER_PATHS = NO;
				CLANG_CXX_LANGUAGE_STANDARD = "gnu++0x";
				CLANG_CXX_LIBRARY = "libc++";
				CLANG_ENABLE_MODULES = YES;
				CLANG_ENABLE_OBJC_ARC = YES;
				CLANG_WARN_BOOL_CONVERSION = YES;
				CLANG_WARN_CONSTANT_CONVERSION = YES;
				CLANG_WARN_DIRECT_OBJC_ISA_USAGE = YES_ERROR;
				CLANG_WARN_EMPTY_BODY = YES;
				CLANG_WARN_ENUM_CONVERSION = YES;
				CLANG_WARN_INT_CONVERSION = YES;
				CLANG_WARN_OBJC_ROOT_CLASS = YES_ERROR;
				CLANG_WARN_UNREACHABLE_CODE = YES;
				CLANG_WARN__DUPLICATE_METHOD_MATCH = YES;
				COPY_PHASE_STRIP = NO;
				DEBUG_INFORMATION_FORMAT = "dwarf-with-dsym";
				ENABLE_NS_ASSERTIONS = NO;
				ENABLE_STRICT_OBJC_MSGSEND = YES;
				GCC_C_LANGUAGE_STANDARD = gnu99;
				GCC_NO_COMMON_BLOCKS = YES;
				GCC_WARN_64_TO_32_BIT_CONVERSION = YES;
				GCC_WARN_ABOUT_RETURN_TYPE = YES_ERROR;
				GCC_WARN_UNDECLARED_SELECTOR = YES;
				GCC_WARN_UNINITIALIZED_AUTOS = YES_AGGRESSIVE;
				GCC_WARN_UNUSED_FUNCTION = YES;
				GCC_WARN_UNUSED_VARIABLE = YES;
				MACOSX_DEPLOYMENT_TARGET = 10.10;
				MTL_ENABLE_DEBUG_INFO = NO;
				SDKROOT = macosx;
			};
			name = Release;
		};
		43AE5B911BADA5E900355BD9 /* Debug */ = {
			isa = XCBuildConfiguration;
			buildSettings = {
				EXECUTABLE_PREFIX = lib;
				HEADER_SEARCH_PATHS = /usr/local/include;
				LIBRARY_SEARCH_PATHS = /usr/local/lib;
				PRODUCT_NAME = "$(TARGET_NAME)";
			};
			name = Debug;
		};
		43AE5B921BADA5E900355BD9 /* Release */ = {
			isa = XCBuildConfiguration;
			buildSettings = {
				EXECUTABLE_PREFIX = lib;
				HEADER_SEARCH_PATHS = /usr/local/include;
				LIBRARY_SEARCH_PATHS = /usr/local/lib;
				PRODUCT_NAME = "$(TARGET_NAME)";
			};
			name = Release;
		};
/* End XCBuildConfiguration section */

/* Begin XCConfigurationList section */
		43AE5B821BADA5E900355BD9 /* Build configuration list for PBXProject "OGREWebServerLib" */ = {
			isa = XCConfigurationList;
			buildConfigurations = (
				43AE5B8E1BADA5E900355BD9 /* Debug */,
				43AE5B8F1BADA5E900355BD9 /* Release */,
			);
			defaultConfigurationIsVisible = 0;
			defaultConfigurationName = Release;
		};
		43AE5B901BADA5E900355BD9 /* Build configuration list for PBXNativeTarget "OGREWebServerLib" */ = {
			isa = XCConfigurationList;
			buildConfigurations = (
				43AE5B911BADA5E900355BD9 /* Debug */,
				43AE5B921BADA5E900355BD9 /* Release */,
			);
			defaultConfigurationIsVisible = 0;
			defaultConfigurationName = Release;
		};
/* End XCConfigurationList section */
	};
	rootObject = 43AE5B7F1BADA5E900355BD9 /* Project object */;
}
